
Microsoft Visual Studio Solution File, Format Version 12.00
# Visual Studio Version 17
VisualStudioVersion = 17.6.33801.468
MinimumVisualStudioVersion = 10.0.40219.1
Project("{9A19103F-16F7-4668-BE54-9A1E7A4F7556}") = "ChatApp3", "ChatApp3\ChatApp3.csproj", "{A977B559-B7F7-4C2C-BA45-A36265986244}"
EndProject
Project("{9A19103F-16F7-4668-BE54-9A1E7A4F7556}") = "ChatBackend", "ChatBackend\ChatBackend.csproj", "{74F58EBE-A5A0-4B90-80F0-FDB0AB88A314}"
EndProject
Project("{FAE04EC0-301F-11D3-BF4B-00C04F79EFBC}") = "ChatTests", "ChatTests\ChatTests.csproj", "{55BEC69B-0541-458A-AA47-33480F03379E}"
EndProject
Global
	GlobalSection(SolutionConfigurationPlatforms) = preSolution
		Debug|Any CPU = Debug|Any CPU
		Release|Any CPU = Release|Any CPU
	EndGlobalSection
	GlobalSection(ProjectConfigurationPlatforms) = postSolution
		{A977B559-B7F7-4C2C-BA45-A36265986244}.Debug|Any CPU.ActiveCfg = Debug|Any CPU
		{A977B559-B7F7-4C2C-BA45-A36265986244}.Debug|Any CPU.Build.0 = Debug|Any CPU
		{A977B559-B7F7-4C2C-BA45-A36265986244}.Release|Any CPU.ActiveCfg = Release|Any CPU
		{A977B559-B7F7-4C2C-BA45-A36265986244}.Release|Any CPU.Build.0 = Release|Any CPU
		{74F58EBE-A5A0-4B90-80F0-FDB0AB88A314}.Debug|Any CPU.ActiveCfg = Debug|Any CPU
		{74F58EBE-A5A0-4B90-80F0-FDB0AB88A314}.Debug|Any CPU.Build.0 = Debug|Any CPU
		{74F58EBE-A5A0-4B90-80F0-FDB0AB88A314}.Release|Any CPU.ActiveCfg = Release|Any CPU
		{74F58EBE-A5A0-4B90-80F0-FDB0AB88A314}.Release|Any CPU.Build.0 = Release|Any CPU
		{55BEC69B-0541-458A-AA47-33480F03379E}.Debug|Any CPU.ActiveCfg = Debug|Any CPU
		{55BEC69B-0541-458A-AA47-33480F03379E}.Debug|Any CPU.Build.0 = Debug|Any CPU
		{55BEC69B-0541-458A-AA47-33480F03379E}.Release|Any CPU.ActiveCfg = Release|Any CPU
		{55BEC69B-0541-458A-AA47-33480F03379E}.Release|Any CPU.Build.0 = Release|Any CPU
	EndGlobalSection
	GlobalSection(SolutionProperties) = preSolution
		HideSolutionNode = FALSE
	EndGlobalSection
	GlobalSection(ExtensibilityGlobals) = postSolution
		SolutionGuid = {313441FE-4550-46D4-963F-24F33BEC5568}
	EndGlobalSection
EndGlobal
